// !$*UTF8*$!
{
	archiveVersion = 1;
	classes = {
	};
	objectVersion = 56;
	objects = {

/* Begin PBXBuildFile section */
		E413BEF92AE2756A00E7C750 /* FavorilerVC.swift in Sources */ = {isa = PBXBuildFile; fileRef = E413BEF82AE2756A00E7C750 /* FavorilerVC.swift */; };
		E413BEFB2AE2759700E7C750 /* BilgilerVC.swift in Sources */ = {isa = PBXBuildFile; fileRef = E413BEFA2AE2759700E7C750 /* BilgilerVC.swift */; };
		E413BEFD2AE275A800E7C750 /* SepetVC.swift in Sources */ = {isa = PBXBuildFile; fileRef = E413BEFC2AE275A800E7C750 /* SepetVC.swift */; };
		E413BEFF2AE275BF00E7C750 /* DetaySayfa.swift in Sources */ = {isa = PBXBuildFile; fileRef = E413BEFE2AE275BF00E7C750 /* DetaySayfa.swift */; };
		E413BF042AE28A5D00E7C750 /* AnasayfaViewModel.swift in Sources */ = {isa = PBXBuildFile; fileRef = E413BF032AE28A5D00E7C750 /* AnasayfaViewModel.swift */; };
		E413BF062AE28A6A00E7C750 /* DetayViewModel.swift in Sources */ = {isa = PBXBuildFile; fileRef = E413BF052AE28A6A00E7C750 /* DetayViewModel.swift */; };
		E413BF082AE28A7A00E7C750 /* SepetVCViewModel.swift in Sources */ = {isa = PBXBuildFile; fileRef = E413BF072AE28A7A00E7C750 /* SepetVCViewModel.swift */; };
		E413BF0A2AE28CDF00E7C750 /* YemeklerHucre.swift in Sources */ = {isa = PBXBuildFile; fileRef = E413BF092AE28CDF00E7C750 /* YemeklerHucre.swift */; };
		E413BF0C2AE28D0300E7C750 /* BilgilerHucre.swift in Sources */ = {isa = PBXBuildFile; fileRef = E413BF0B2AE28D0300E7C750 /* BilgilerHucre.swift */; };
		E413BF0E2AE28D3000E7C750 /* FavorilerHucre.swift in Sources */ = {isa = PBXBuildFile; fileRef = E413BF0D2AE28D3000E7C750 /* FavorilerHucre.swift */; };
		E413BF102AE28D4F00E7C750 /* SepetHucre.swift in Sources */ = {isa = PBXBuildFile; fileRef = E413BF0F2AE28D4F00E7C750 /* SepetHucre.swift */; };
		E413BF172AE2913200E7C750 /* YemeklerDaoRepository.swift in Sources */ = {isa = PBXBuildFile; fileRef = E413BF162AE2913200E7C750 /* YemeklerDaoRepository.swift */; };
		E413BF192AE2914F00E7C750 /* SepetYemeklerCevap.swift in Sources */ = {isa = PBXBuildFile; fileRef = E413BF182AE2914F00E7C750 /* SepetYemeklerCevap.swift */; };
		E413BF1B2AE2915D00E7C750 /* SepetYemekler.swift in Sources */ = {isa = PBXBuildFile; fileRef = E413BF1A2AE2915D00E7C750 /* SepetYemekler.swift */; };
		E413BF1D2AE2917900E7C750 /* Yemekler.swift in Sources */ = {isa = PBXBuildFile; fileRef = E413BF1C2AE2917900E7C750 /* Yemekler.swift */; };
		E413BF1F2AE2918800E7C750 /* YemeklerCevap.swift in Sources */ = {isa = PBXBuildFile; fileRef = E413BF1E2AE2918800E7C750 /* YemeklerCevap.swift */; };
		E413BF222AE291AC00E7C750 /* Favoriler.swift in Sources */ = {isa = PBXBuildFile; fileRef = E413BF212AE291AC00E7C750 /* Favoriler.swift */; };
		E413BF242AE291B800E7C750 /* Bilgiler.swift in Sources */ = {isa = PBXBuildFile; fileRef = E413BF232AE291B800E7C750 /* Bilgiler.swift */; };
		E413BF272AE292F400E7C750 /* DancingScript-VariableFont_wght.ttf in Resources */ = {isa = PBXBuildFile; fileRef = E413BF262AE292F400E7C750 /* DancingScript-VariableFont_wght.ttf */; };
		E413BF2A2AE2940C00E7C750 /* RxBlocking in Frameworks */ = {isa = PBXBuildFile; productRef = E413BF292AE2940C00E7C750 /* RxBlocking */; };
		E413BF2C2AE2940C00E7C750 /* RxBlocking-Dynamic in Frameworks */ = {isa = PBXBuildFile; productRef = E413BF2B2AE2940C00E7C750 /* RxBlocking-Dynamic */; };
		E413BF2E2AE2940C00E7C750 /* RxCocoa in Frameworks */ = {isa = PBXBuildFile; productRef = E413BF2D2AE2940C00E7C750 /* RxCocoa */; };
		E413BF302AE2940C00E7C750 /* RxCocoa-Dynamic in Frameworks */ = {isa = PBXBuildFile; productRef = E413BF2F2AE2940C00E7C750 /* RxCocoa-Dynamic */; };
		E413BF322AE2940C00E7C750 /* RxRelay in Frameworks */ = {isa = PBXBuildFile; productRef = E413BF312AE2940C00E7C750 /* RxRelay */; };
		E413BF352AE2941600E7C750 /* Alamofire in Frameworks */ = {isa = PBXBuildFile; productRef = E413BF342AE2941600E7C750 /* Alamofire */; };
		E413BF382AE2942600E7C750 /* Kingfisher in Frameworks */ = {isa = PBXBuildFile; productRef = E413BF372AE2942600E7C750 /* Kingfisher */; };
		E413BF3A2AE3EED800E7C750 /* PermanentMarker-Regular.ttf in Resources */ = {isa = PBXBuildFile; fileRef = E413BF392AE3EED800E7C750 /* PermanentMarker-Regular.ttf */; };
		E4630F182AE2526A009B7117 /* AppDelegate.swift in Sources */ = {isa = PBXBuildFile; fileRef = E4630F172AE2526A009B7117 /* AppDelegate.swift */; };
		E4630F1A2AE2526A009B7117 /* SceneDelegate.swift in Sources */ = {isa = PBXBuildFile; fileRef = E4630F192AE2526A009B7117 /* SceneDelegate.swift */; };
		E4630F1C2AE2526A009B7117 /* Anasayfa.swift in Sources */ = {isa = PBXBuildFile; fileRef = E4630F1B2AE2526A009B7117 /* Anasayfa.swift */; };
		E4630F1F2AE2526A009B7117 /* Main.storyboard in Resources */ = {isa = PBXBuildFile; fileRef = E4630F1D2AE2526A009B7117 /* Main.storyboard */; };
		E4630F212AE2526B009B7117 /* Assets.xcassets in Resources */ = {isa = PBXBuildFile; fileRef = E4630F202AE2526B009B7117 /* Assets.xcassets */; };
		E4630F242AE2526B009B7117 /* LaunchScreen.storyboard in Resources */ = {isa = PBXBuildFile; fileRef = E4630F222AE2526B009B7117 /* LaunchScreen.storyboard */; };
/* End PBXBuildFile section */

/* Begin PBXFileReference section */
		E413BEF82AE2756A00E7C750 /* FavorilerVC.swift */ = {isa = PBXFileReference; lastKnownFileType = sourcecode.swift; path = FavorilerVC.swift; sourceTree = "<group>"; };
		E413BEFA2AE2759700E7C750 /* BilgilerVC.swift */ = {isa = PBXFileReference; lastKnownFileType = sourcecode.swift; path = BilgilerVC.swift; sourceTree = "<group>"; };
		E413BEFC2AE275A800E7C750 /* SepetVC.swift */ = {isa = PBXFileReference; lastKnownFileType = sourcecode.swift; path = SepetVC.swift; sourceTree = "<group>"; };
		E413BEFE2AE275BF00E7C750 /* DetaySayfa.swift */ = {isa = PBXFileReference; lastKnownFileType = sourcecode.swift; path = DetaySayfa.swift; sourceTree = "<group>"; };
		E413BF032AE28A5D00E7C750 /* AnasayfaViewModel.swift */ = {isa = PBXFileReference; lastKnownFileType = sourcecode.swift; path = AnasayfaViewModel.swift; sourceTree = "<group>"; };
		E413BF052AE28A6A00E7C750 /* DetayViewModel.swift */ = {isa = PBXFileReference; lastKnownFileType = sourcecode.swift; path = DetayViewModel.swift; sourceTree = "<group>"; };
		E413BF072AE28A7A00E7C750 /* SepetVCViewModel.swift */ = {isa = PBXFileReference; lastKnownFileType = sourcecode.swift; path = SepetVCViewModel.swift; sourceTree = "<group>"; };
		E413BF092AE28CDF00E7C750 /* YemeklerHucre.swift */ = {isa = PBXFileReference; lastKnownFileType = sourcecode.swift; path = YemeklerHucre.swift; sourceTree = "<group>"; };
		E413BF0B2AE28D0300E7C750 /* BilgilerHucre.swift */ = {isa = PBXFileReference; lastKnownFileType = sourcecode.swift; path = BilgilerHucre.swift; sourceTree = "<group>"; };
		E413BF0D2AE28D3000E7C750 /* FavorilerHucre.swift */ = {isa = PBXFileReference; lastKnownFileType = sourcecode.swift; path = FavorilerHucre.swift; sourceTree = "<group>"; };
		E413BF0F2AE28D4F00E7C750 /* SepetHucre.swift */ = {isa = PBXFileReference; lastKnownFileType = sourcecode.swift; path = SepetHucre.swift; sourceTree = "<group>"; };
		E413BF162AE2913200E7C750 /* YemeklerDaoRepository.swift */ = {isa = PBXFileReference; lastKnownFileType = sourcecode.swift; path = YemeklerDaoRepository.swift; sourceTree = "<group>"; };
		E413BF182AE2914F00E7C750 /* SepetYemeklerCevap.swift */ = {isa = PBXFileReference; lastKnownFileType = sourcecode.swift; path = SepetYemeklerCevap.swift; sourceTree = "<group>"; };
		E413BF1A2AE2915D00E7C750 /* SepetYemekler.swift */ = {isa = PBXFileReference; lastKnownFileType = sourcecode.swift; path = SepetYemekler.swift; sourceTree = "<group>"; };
		E413BF1C2AE2917900E7C750 /* Yemekler.swift */ = {isa = PBXFileReference; lastKnownFileType = sourcecode.swift; path = Yemekler.swift; sourceTree = "<group>"; };
		E413BF1E2AE2918800E7C750 /* YemeklerCevap.swift */ = {isa = PBXFileReference; lastKnownFileType = sourcecode.swift; path = YemeklerCevap.swift; sourceTree = "<group>"; };
		E413BF212AE291AC00E7C750 /* Favoriler.swift */ = {isa = PBXFileReference; lastKnownFileType = sourcecode.swift; path = Favoriler.swift; sourceTree = "<group>"; };
		E413BF232AE291B800E7C750 /* Bilgiler.swift */ = {isa = PBXFileReference; lastKnownFileType = sourcecode.swift; path = Bilgiler.swift; sourceTree = "<group>"; };
		E413BF262AE292F400E7C750 /* DancingScript-VariableFont_wght.ttf */ = {isa = PBXFileReference; lastKnownFileType = file; path = "DancingScript-VariableFont_wght.ttf"; sourceTree = "<group>"; };
		E413BF392AE3EED800E7C750 /* PermanentMarker-Regular.ttf */ = {isa = PBXFileReference; lastKnownFileType = file; path = "PermanentMarker-Regular.ttf"; sourceTree = "<group>"; };
		E4630F142AE2526A009B7117 /* FoodJoy.app */ = {isa = PBXFileReference; explicitFileType = wrapper.application; includeInIndex = 0; path = FoodJoy.app; sourceTree = BUILT_PRODUCTS_DIR; };
		E4630F172AE2526A009B7117 /* AppDelegate.swift */ = {isa = PBXFileReference; lastKnownFileType = sourcecode.swift; path = AppDelegate.swift; sourceTree = "<group>"; };
		E4630F192AE2526A009B7117 /* SceneDelegate.swift */ = {isa = PBXFileReference; lastKnownFileType = sourcecode.swift; path = SceneDelegate.swift; sourceTree = "<group>"; };
		E4630F1B2AE2526A009B7117 /* Anasayfa.swift */ = {isa = PBXFileReference; lastKnownFileType = sourcecode.swift; path = Anasayfa.swift; sourceTree = "<group>"; };
		E4630F1E2AE2526A009B7117 /* Base */ = {isa = PBXFileReference; lastKnownFileType = file.storyboard; name = Base; path = Base.lproj/Main.storyboard; sourceTree = "<group>"; };
		E4630F202AE2526B009B7117 /* Assets.xcassets */ = {isa = PBXFileReference; lastKnownFileType = folder.assetcatalog; path = Assets.xcassets; sourceTree = "<group>"; };
		E4630F232AE2526B009B7117 /* Base */ = {isa = PBXFileReference; lastKnownFileType = file.storyboard; name = Base; path = Base.lproj/LaunchScreen.storyboard; sourceTree = "<group>"; };
		E4630F252AE2526B009B7117 /* Info.plist */ = {isa = PBXFileReference; lastKnownFileType = text.plist.xml; path = Info.plist; sourceTree = "<group>"; };
/* End PBXFileReference section */

/* Begin PBXFrameworksBuildPhase section */
		E4630F112AE2526A009B7117 /* Frameworks */ = {
			isa = PBXFrameworksBuildPhase;
			buildActionMask = 2147483647;
			files = (
				E413BF322AE2940C00E7C750 /* RxRelay in Frameworks */,
				E413BF302AE2940C00E7C750 /* RxCocoa-Dynamic in Frameworks */,
				E413BF382AE2942600E7C750 /* Kingfisher in Frameworks */,
				E413BF2E2AE2940C00E7C750 /* RxCocoa in Frameworks */,
				E413BF352AE2941600E7C750 /* Alamofire in Frameworks */,
				E413BF2A2AE2940C00E7C750 /* RxBlocking in Frameworks */,
				E413BF2C2AE2940C00E7C750 /* RxBlocking-Dynamic in Frameworks */,
			);
			runOnlyForDeploymentPostprocessing = 0;
		};
/* End PBXFrameworksBuildPhase section */

/* Begin PBXGroup section */
		E413BEF72AE2754600E7C750 /* Views */ = {
			isa = PBXGroup;
			children = (
				E4630F1B2AE2526A009B7117 /* Anasayfa.swift */,
				E413BEF82AE2756A00E7C750 /* FavorilerVC.swift */,
				E413BEFA2AE2759700E7C750 /* BilgilerVC.swift */,
				E413BEFC2AE275A800E7C750 /* SepetVC.swift */,
				E413BEFE2AE275BF00E7C750 /* DetaySayfa.swift */,
			);
			path = Views;
			sourceTree = "<group>";
		};
		E413BF002AE28A2400E7C750 /* UI */ = {
			isa = PBXGroup;
			children = (
				E413BF022AE28A3800E7C750 /* ViewModel */,
				E413BF012AE28A2C00E7C750 /* CollectionViews */,
				E413BEF72AE2754600E7C750 /* Views */,
			);
			path = UI;
			sourceTree = "<group>";
		};
		E413BF012AE28A2C00E7C750 /* CollectionViews */ = {
			isa = PBXGroup;
			children = (
				E413BF092AE28CDF00E7C750 /* YemeklerHucre.swift */,
				E413BF0B2AE28D0300E7C750 /* BilgilerHucre.swift */,
				E413BF0D2AE28D3000E7C750 /* FavorilerHucre.swift */,
				E413BF0F2AE28D4F00E7C750 /* SepetHucre.swift */,
			);
			path = CollectionViews;
			sourceTree = "<group>";
		};
		E413BF022AE28A3800E7C750 /* ViewModel */ = {
			isa = PBXGroup;
			children = (
				E413BF032AE28A5D00E7C750 /* AnasayfaViewModel.swift */,
				E413BF052AE28A6A00E7C750 /* DetayViewModel.swift */,
				E413BF072AE28A7A00E7C750 /* SepetVCViewModel.swift */,
			);
			path = ViewModel;
			sourceTree = "<group>";
		};
		E413BF112AE28FC400E7C750 /* Data */ = {
			isa = PBXGroup;
			children = (
				E413BF122AE28FD100E7C750 /* Repo */,
			);
			path = Data;
			sourceTree = "<group>";
		};
		E413BF122AE28FD100E7C750 /* Repo */ = {
			isa = PBXGroup;
			children = (
				E413BF162AE2913200E7C750 /* YemeklerDaoRepository.swift */,
			);
			path = Repo;
			sourceTree = "<group>";
		};
		E413BF132AE28FD700E7C750 /* Entity */ = {
			isa = PBXGroup;
			children = (
				E413BF152AE2900100E7C750 /* Yemekler */,
				E413BF142AE28FF000E7C750 /* SepeteYemekEkle */,
			);
			path = Entity;
			sourceTree = "<group>";
		};
		E413BF142AE28FF000E7C750 /* SepeteYemekEkle */ = {
			isa = PBXGroup;
			children = (
				E413BF182AE2914F00E7C750 /* SepetYemeklerCevap.swift */,
				E413BF1A2AE2915D00E7C750 /* SepetYemekler.swift */,
			);
			path = SepeteYemekEkle;
			sourceTree = "<group>";
		};
		E413BF152AE2900100E7C750 /* Yemekler */ = {
			isa = PBXGroup;
			children = (
				E413BF1C2AE2917900E7C750 /* Yemekler.swift */,
				E413BF1E2AE2918800E7C750 /* YemeklerCevap.swift */,
				E413BF202AE2918F00E7C750 /* TableViewDosyaları */,
			);
			path = Yemekler;
			sourceTree = "<group>";
		};
		E413BF202AE2918F00E7C750 /* TableViewDosyaları */ = {
			isa = PBXGroup;
			children = (
				E413BF212AE291AC00E7C750 /* Favoriler.swift */,
				E413BF232AE291B800E7C750 /* Bilgiler.swift */,
			);
			path = "TableViewDosyaları";
			sourceTree = "<group>";
		};
		E413BF252AE292D800E7C750 /* Fonts */ = {
			isa = PBXGroup;
			children = (
				E413BF262AE292F400E7C750 /* DancingScript-VariableFont_wght.ttf */,
				E413BF392AE3EED800E7C750 /* PermanentMarker-Regular.ttf */,
			);
			path = Fonts;
			sourceTree = "<group>";
		};
		E4630F0B2AE2526A009B7117 = {
			isa = PBXGroup;
			children = (
				E4630F162AE2526A009B7117 /* FoodJoy */,
				E4630F152AE2526A009B7117 /* Products */,
			);
			sourceTree = "<group>";
		};
		E4630F152AE2526A009B7117 /* Products */ = {
			isa = PBXGroup;
			children = (
				E4630F142AE2526A009B7117 /* FoodJoy.app */,
			);
			name = Products;
			sourceTree = "<group>";
		};
		E4630F162AE2526A009B7117 /* FoodJoy */ = {
			isa = PBXGroup;
			children = (
				E413BF112AE28FC400E7C750 /* Data */,
				E413BF132AE28FD700E7C750 /* Entity */,
				E413BF002AE28A2400E7C750 /* UI */,
				E4630F172AE2526A009B7117 /* AppDelegate.swift */,
				E4630F192AE2526A009B7117 /* SceneDelegate.swift */,
				E4630F1D2AE2526A009B7117 /* Main.storyboard */,
				E4630F202AE2526B009B7117 /* Assets.xcassets */,
				E4630F222AE2526B009B7117 /* LaunchScreen.storyboard */,
				E4630F252AE2526B009B7117 /* Info.plist */,
				E413BF252AE292D800E7C750 /* Fonts */,
			);
			path = FoodJoy;
			sourceTree = "<group>";
		};
/* End PBXGroup section */

/* Begin PBXNativeTarget section */
		E4630F132AE2526A009B7117 /* FoodJoy */ = {
			isa = PBXNativeTarget;
			buildConfigurationList = E4630F282AE2526B009B7117 /* Build configuration list for PBXNativeTarget "FoodJoy" */;
			buildPhases = (
				E4630F102AE2526A009B7117 /* Sources */,
				E4630F112AE2526A009B7117 /* Frameworks */,
				E4630F122AE2526A009B7117 /* Resources */,
			);
			buildRules = (
			);
			dependencies = (
			);
			name = FoodJoy;
			packageProductDependencies = (
				E413BF292AE2940C00E7C750 /* RxBlocking */,
				E413BF2B2AE2940C00E7C750 /* RxBlocking-Dynamic */,
				E413BF2D2AE2940C00E7C750 /* RxCocoa */,
				E413BF2F2AE2940C00E7C750 /* RxCocoa-Dynamic */,
				E413BF312AE2940C00E7C750 /* RxRelay */,
				E413BF342AE2941600E7C750 /* Alamofire */,
				E413BF372AE2942600E7C750 /* Kingfisher */,
			);
			productName = FoodJoy;
			productReference = E4630F142AE2526A009B7117 /* FoodJoy.app */;
			productType = "com.apple.product-type.application";
		};
/* End PBXNativeTarget section */

/* Begin PBXProject section */
		E4630F0C2AE2526A009B7117 /* Project object */ = {
			isa = PBXProject;
			attributes = {
				BuildIndependentTargetsInParallel = 1;
				LastSwiftUpdateCheck = 1500;
				LastUpgradeCheck = 1500;
				TargetAttributes = {
					E4630F132AE2526A009B7117 = {
						CreatedOnToolsVersion = 15.0.1;
					};
				};
			};
			buildConfigurationList = E4630F0F2AE2526A009B7117 /* Build configuration list for PBXProject "FoodJoy" */;
			compatibilityVersion = "Xcode 14.0";
			developmentRegion = en;
			hasScannedForEncodings = 0;
			knownRegions = (
				en,
				Base,
			);
			mainGroup = E4630F0B2AE2526A009B7117;
			packageReferences = (
				E413BF282AE2940C00E7C750 /* XCRemoteSwiftPackageReference "RxSwift" */,
				E413BF332AE2941600E7C750 /* XCRemoteSwiftPackageReference "Alamofire" */,
				E413BF362AE2942600E7C750 /* XCRemoteSwiftPackageReference "Kingfisher" */,
			);
			productRefGroup = E4630F152AE2526A009B7117 /* Products */;
			projectDirPath = "";
			projectRoot = "";
			targets = (
				E4630F132AE2526A009B7117 /* FoodJoy */,
			);
		};
/* End PBXProject section */

/* Begin PBXResourcesBuildPhase section */
		E4630F122AE2526A009B7117 /* Resources */ = {
			isa = PBXResourcesBuildPhase;
			buildActionMask = 2147483647;
			files = (
				E4630F242AE2526B009B7117 /* LaunchScreen.storyboard in Resources */,
				E4630F212AE2526B009B7117 /* Assets.xcassets in Resources */,
				E4630F1F2AE2526A009B7117 /* Main.storyboard in Resources */,
				E413BF3A2AE3EED800E7C750 /* PermanentMarker-Regular.ttf in Resources */,
				E413BF272AE292F400E7C750 /* DancingScript-VariableFont_wght.ttf in Resources */,
			);
			runOnlyForDeploymentPostprocessing = 0;
		};
/* End PBXResourcesBuildPhase section */

/* Begin PBXSourcesBuildPhase section */
		E4630F102AE2526A009B7117 /* Sources */ = {
			isa = PBXSourcesBuildPhase;
			buildActionMask = 2147483647;
			files = (
				E4630F1C2AE2526A009B7117 /* Anasayfa.swift in Sources */,
				E413BF192AE2914F00E7C750 /* SepetYemeklerCevap.swift in Sources */,
				E413BF1F2AE2918800E7C750 /* YemeklerCevap.swift in Sources */,
				E4630F182AE2526A009B7117 /* AppDelegate.swift in Sources */,
				E413BF042AE28A5D00E7C750 /* AnasayfaViewModel.swift in Sources */,
				E413BEFD2AE275A800E7C750 /* SepetVC.swift in Sources */,
				E413BF1D2AE2917900E7C750 /* Yemekler.swift in Sources */,
				E413BF062AE28A6A00E7C750 /* DetayViewModel.swift in Sources */,
				E413BF242AE291B800E7C750 /* Bilgiler.swift in Sources */,
				E4630F1A2AE2526A009B7117 /* SceneDelegate.swift in Sources */,
				E413BF0E2AE28D3000E7C750 /* FavorilerHucre.swift in Sources */,
				E413BEF92AE2756A00E7C750 /* FavorilerVC.swift in Sources */,
				E413BF0C2AE28D0300E7C750 /* BilgilerHucre.swift in Sources */,
				E413BF222AE291AC00E7C750 /* Favoriler.swift in Sources */,
				E413BF0A2AE28CDF00E7C750 /* YemeklerHucre.swift in Sources */,
				E413BF082AE28A7A00E7C750 /* SepetVCViewModel.swift in Sources */,
				E413BF172AE2913200E7C750 /* YemeklerDaoRepository.swift in Sources */,
				E413BF102AE28D4F00E7C750 /* SepetHucre.swift in Sources */,
				E413BEFF2AE275BF00E7C750 /* DetaySayfa.swift in Sources */,
				E413BEFB2AE2759700E7C750 /* BilgilerVC.swift in Sources */,
				E413BF1B2AE2915D00E7C750 /* SepetYemekler.swift in Sources */,
			);
			runOnlyForDeploymentPostprocessing = 0;
		};
/* End PBXSourcesBuildPhase section */

/* Begin PBXVariantGroup section */
		E4630F1D2AE2526A009B7117 /* Main.storyboard */ = {
			isa = PBXVariantGroup;
			children = (
				E4630F1E2AE2526A009B7117 /* Base */,
			);
			name = Main.storyboard;
			sourceTree = "<group>";
		};
		E4630F222AE2526B009B7117 /* LaunchScreen.storyboard */ = {
			isa = PBXVariantGroup;
			children = (
				E4630F232AE2526B009B7117 /* Base */,
			);
			name = LaunchScreen.storyboard;
			sourceTree = "<group>";
		};
/* End PBXVariantGroup section */

/* Begin XCBuildConfiguration section */
		E4630F262AE2526B009B7117 /* Debug */ = {
			isa = XCBuildConfiguration;
			buildSettings = {
				ALWAYS_SEARCH_USER_PATHS = NO;
				ASSETCATALOG_COMPILER_GENERATE_SWIFT_ASSET_SYMBOL_EXTENSIONS = YES;
				CLANG_ANALYZER_NONNULL = YES;
				CLANG_ANALYZER_NUMBER_OBJECT_CONVERSION = YES_AGGRESSIVE;
				CLANG_CXX_LANGUAGE_STANDARD = "gnu++20";
				CLANG_ENABLE_MODULES = YES;
				CLANG_ENABLE_OBJC_ARC = YES;
				CLANG_ENABLE_OBJC_WEAK = YES;
				CLANG_WARN_BLOCK_CAPTURE_AUTORELEASING = YES;
				CLANG_WARN_BOOL_CONVERSION = YES;
				CLANG_WARN_COMMA = YES;
				CLANG_WARN_CONSTANT_CONVERSION = YES;
				CLANG_WARN_DEPRECATED_OBJC_IMPLEMENTATIONS = YES;
				CLANG_WARN_DIRECT_OBJC_ISA_USAGE = YES_ERROR;
				CLANG_WARN_DOCUMENTATION_COMMENTS = YES;
				CLANG_WARN_EMPTY_BODY = YES;
				CLANG_WARN_ENUM_CONVERSION = YES;
				CLANG_WARN_INFINITE_RECURSION = YES;
				CLANG_WARN_INT_CONVERSION = YES;
				CLANG_WARN_NON_LITERAL_NULL_CONVERSION = YES;
				CLANG_WARN_OBJC_IMPLICIT_RETAIN_SELF = YES;
				CLANG_WARN_OBJC_LITERAL_CONVERSION = YES;
				CLANG_WARN_OBJC_ROOT_CLASS = YES_ERROR;
				CLANG_WARN_QUOTED_INCLUDE_IN_FRAMEWORK_HEADER = YES;
				CLANG_WARN_RANGE_LOOP_ANALYSIS = YES;
				CLANG_WARN_STRICT_PROTOTYPES = YES;
				CLANG_WARN_SUSPICIOUS_MOVE = YES;
				CLANG_WARN_UNGUARDED_AVAILABILITY = YES_AGGRESSIVE;
				CLANG_WARN_UNREACHABLE_CODE = YES;
				CLANG_WARN__DUPLICATE_METHOD_MATCH = YES;
				COPY_PHASE_STRIP = NO;
				DEBUG_INFORMATION_FORMAT = dwarf;
				ENABLE_STRICT_OBJC_MSGSEND = YES;
				ENABLE_TESTABILITY = YES;
				ENABLE_USER_SCRIPT_SANDBOXING = YES;
				GCC_C_LANGUAGE_STANDARD = gnu17;
				GCC_DYNAMIC_NO_PIC = NO;
				GCC_NO_COMMON_BLOCKS = YES;
				GCC_OPTIMIZATION_LEVEL = 0;
				GCC_PREPROCESSOR_DEFINITIONS = (
					"DEBUG=1",
					"$(inherited)",
				);
				GCC_WARN_64_TO_32_BIT_CONVERSION = YES;
				GCC_WARN_ABOUT_RETURN_TYPE = YES_ERROR;
				GCC_WARN_UNDECLARED_SELECTOR = YES;
				GCC_WARN_UNINITIALIZED_AUTOS = YES_AGGRESSIVE;
				GCC_WARN_UNUSED_FUNCTION = YES;
				GCC_WARN_UNUSED_VARIABLE = YES;
				IPHONEOS_DEPLOYMENT_TARGET = 17.0;
				LOCALIZATION_PREFERS_STRING_CATALOGS = YES;
				MTL_ENABLE_DEBUG_INFO = INCLUDE_SOURCE;
				MTL_FAST_MATH = YES;
				ONLY_ACTIVE_ARCH = YES;
				SDKROOT = iphoneos;
				SWIFT_ACTIVE_COMPILATION_CONDITIONS = "DEBUG $(inherited)";
				SWIFT_OPTIMIZATION_LEVEL = "-Onone";
			};
			name = Debug;
		};
		E4630F272AE2526B009B7117 /* Release */ = {
			isa = XCBuildConfiguration;
			buildSettings = {
				ALWAYS_SEARCH_USER_PATHS = NO;
				ASSETCATALOG_COMPILER_GENERATE_SWIFT_ASSET_SYMBOL_EXTENSIONS = YES;
				CLANG_ANALYZER_NONNULL = YES;
				CLANG_ANALYZER_NUMBER_OBJECT_CONVERSION = YES_AGGRESSIVE;
				CLANG_CXX_LANGUAGE_STANDARD = "gnu++20";
				CLANG_ENABLE_MODULES = YES;
				CLANG_ENABLE_OBJC_ARC = YES;
				CLANG_ENABLE_OBJC_WEAK = YES;
				CLANG_WARN_BLOCK_CAPTURE_AUTORELEASING = YES;
				CLANG_WARN_BOOL_CONVERSION = YES;
				CLANG_WARN_COMMA = YES;
				CLANG_WARN_CONSTANT_CONVERSION = YES;
				CLANG_WARN_DEPRECATED_OBJC_IMPLEMENTATIONS = YES;
				CLANG_WARN_DIRECT_OBJC_ISA_USAGE = YES_ERROR;
				CLANG_WARN_DOCUMENTATION_COMMENTS = YES;
				CLANG_WARN_EMPTY_BODY = YES;
				CLANG_WARN_ENUM_CONVERSION = YES;
				CLANG_WARN_INFINITE_RECURSION = YES;
				CLANG_WARN_INT_CONVERSION = YES;
				CLANG_WARN_NON_LITERAL_NULL_CONVERSION = YES;
				CLANG_WARN_OBJC_IMPLICIT_RETAIN_SELF = YES;
				CLANG_WARN_OBJC_LITERAL_CONVERSION = YES;
				CLANG_WARN_OBJC_ROOT_CLASS = YES_ERROR;
				CLANG_WARN_QUOTED_INCLUDE_IN_FRAMEWORK_HEADER = YES;
				CLANG_WARN_RANGE_LOOP_ANALYSIS = YES;
				CLANG_WARN_STRICT_PROTOTYPES = YES;
				CLANG_WARN_SUSPICIOUS_MOVE = YES;
				CLANG_WARN_UNGUARDED_AVAILABILITY = YES_AGGRESSIVE;
				CLANG_WARN_UNREACHABLE_CODE = YES;
				CLANG_WARN__DUPLICATE_METHOD_MATCH = YES;
				COPY_PHASE_STRIP = NO;
				DEBUG_INFORMATION_FORMAT = "dwarf-with-dsym";
				ENABLE_NS_ASSERTIONS = NO;
				ENABLE_STRICT_OBJC_MSGSEND = YES;
				ENABLE_USER_SCRIPT_SANDBOXING = YES;
				GCC_C_LANGUAGE_STANDARD = gnu17;
				GCC_NO_COMMON_BLOCKS = YES;
				GCC_WARN_64_TO_32_BIT_CONVERSION = YES;
				GCC_WARN_ABOUT_RETURN_TYPE = YES_ERROR;
				GCC_WARN_UNDECLARED_SELECTOR = YES;
				GCC_WARN_UNINITIALIZED_AUTOS = YES_AGGRESSIVE;
				GCC_WARN_UNUSED_FUNCTION = YES;
				GCC_WARN_UNUSED_VARIABLE = YES;
				IPHONEOS_DEPLOYMENT_TARGET = 17.0;
				LOCALIZATION_PREFERS_STRING_CATALOGS = YES;
				MTL_ENABLE_DEBUG_INFO = NO;
				MTL_FAST_MATH = YES;
				SDKROOT = iphoneos;
				SWIFT_COMPILATION_MODE = wholemodule;
				VALIDATE_PRODUCT = YES;
			};
			name = Release;
		};
		E4630F292AE2526B009B7117 /* Debug */ = {
			isa = XCBuildConfiguration;
			buildSettings = {
				ASSETCATALOG_COMPILER_APPICON_NAME = AppIcon;
				ASSETCATALOG_COMPILER_GLOBAL_ACCENT_COLOR_NAME = AccentColor;
				CODE_SIGN_STYLE = Automatic;
				CURRENT_PROJECT_VERSION = 1;
				GENERATE_INFOPLIST_FILE = YES;
				INFOPLIST_FILE = FoodJoy/Info.plist;
				INFOPLIST_KEY_CFBundleDisplayName = FoodJoy;
				INFOPLIST_KEY_LSApplicationCategoryType = "public.app-category.food-and-drink";
				INFOPLIST_KEY_UIApplicationSupportsIndirectInputEvents = YES;
				INFOPLIST_KEY_UILaunchStoryboardName = LaunchScreen;
				INFOPLIST_KEY_UIMainStoryboardFile = Main;
				INFOPLIST_KEY_UISupportedInterfaceOrientations_iPad = "UIInterfaceOrientationPortrait UIInterfaceOrientationPortraitUpsideDown UIInterfaceOrientationLandscapeLeft UIInterfaceOrientationLandscapeRight";
				INFOPLIST_KEY_UISupportedInterfaceOrientations_iPhone = "UIInterfaceOrientationPortrait UIInterfaceOrientationLandscapeLeft UIInterfaceOrientationLandscapeRight";
				LD_RUNPATH_SEARCH_PATHS = (
					"$(inherited)",
					"@executable_path/Frameworks",
				);
				MARKETING_VERSION = 1.0;
				PRODUCT_BUNDLE_IDENTIFIER = furkantasyumruk.FoodJoy;
				PRODUCT_NAME = "$(TARGET_NAME)";
				SWIFT_EMIT_LOC_STRINGS = YES;
				SWIFT_VERSION = 5.0;
				TARGETED_DEVICE_FAMILY = "1,2";
			};
			name = Debug;
		};
		E4630F2A2AE2526B009B7117 /* Release */ = {
			isa = XCBuildConfiguration;
			buildSettings = {
				ASSETCATALOG_COMPILER_APPICON_NAME = AppIcon;
				ASSETCATALOG_COMPILER_GLOBAL_ACCENT_COLOR_NAME = AccentColor;
				CODE_SIGN_STYLE = Automatic;
				CURRENT_PROJECT_VERSION = 1;
				GENERATE_INFOPLIST_FILE = YES;
				INFOPLIST_FILE = FoodJoy/Info.plist;
				INFOPLIST_KEY_CFBundleDisplayName = FoodJoy;
				INFOPLIST_KEY_LSApplicationCategoryType = "public.app-category.food-and-drink";
				INFOPLIST_KEY_UIApplicationSupportsIndirectInputEvents = YES;
				INFOPLIST_KEY_UILaunchStoryboardName = LaunchScreen;
				INFOPLIST_KEY_UIMainStoryboardFile = Main;
				INFOPLIST_KEY_UISupportedInterfaceOrientations_iPad = "UIInterfaceOrientationPortrait UIInterfaceOrientationPortraitUpsideDown UIInterfaceOrientationLandscapeLeft UIInterfaceOrientationLandscapeRight";
				INFOPLIST_KEY_UISupportedInterfaceOrientations_iPhone = "UIInterfaceOrientationPortrait UIInterfaceOrientationLandscapeLeft UIInterfaceOrientationLandscapeRight";
				LD_RUNPATH_SEARCH_PATHS = (
					"$(inherited)",
					"@executable_path/Frameworks",
				);
				MARKETING_VERSION = 1.0;
				PRODUCT_BUNDLE_IDENTIFIER = furkantasyumruk.FoodJoy;
				PRODUCT_NAME = "$(TARGET_NAME)";
				SWIFT_EMIT_LOC_STRINGS = YES;
				SWIFT_VERSION = 5.0;
				TARGETED_DEVICE_FAMILY = "1,2";
			};
			name = Release;
		};
/* End XCBuildConfiguration section */

/* Begin XCConfigurationList section */
		E4630F0F2AE2526A009B7117 /* Build configuration list for PBXProject "FoodJoy" */ = {
			isa = XCConfigurationList;
			buildConfigurations = (
				E4630F262AE2526B009B7117 /* Debug */,
				E4630F272AE2526B009B7117 /* Release */,
			);
			defaultConfigurationIsVisible = 0;
			defaultConfigurationName = Release;
		};
		E4630F282AE2526B009B7117 /* Build configuration list for PBXNativeTarget "FoodJoy" */ = {
			isa = XCConfigurationList;
			buildConfigurations = (
				E4630F292AE2526B009B7117 /* Debug */,
				E4630F2A2AE2526B009B7117 /* Release */,
			);
			defaultConfigurationIsVisible = 0;
			defaultConfigurationName = Release;
		};
/* End XCConfigurationList section */

/* Begin XCRemoteSwiftPackageReference section */
		E413BF282AE2940C00E7C750 /* XCRemoteSwiftPackageReference "RxSwift" */ = {
			isa = XCRemoteSwiftPackageReference;
			repositoryURL = "https://github.com/ReactiveX/RxSwift.git";
			requirement = {
				kind = upToNextMajorVersion;
				minimumVersion = 6.6.0;
			};
		};
		E413BF332AE2941600E7C750 /* XCRemoteSwiftPackageReference "Alamofire" */ = {
			isa = XCRemoteSwiftPackageReference;
			repositoryURL = "https://github.com/Alamofire/Alamofire.git";
			requirement = {
				kind = upToNextMajorVersion;
				minimumVersion = 5.8.0;
			};
		};
		E413BF362AE2942600E7C750 /* XCRemoteSwiftPackageReference "Kingfisher" */ = {
			isa = XCRemoteSwiftPackageReference;
			repositoryURL = "https://github.com/onevcat/Kingfisher.git";
			requirement = {
				kind = upToNextMajorVersion;
				minimumVersion = 7.9.1;
			};
		};
/* End XCRemoteSwiftPackageReference section */

/* Begin XCSwiftPackageProductDependency section */
		E413BF292AE2940C00E7C750 /* RxBlocking */ = {
			isa = XCSwiftPackageProductDependency;
			package = E413BF282AE2940C00E7C750 /* XCRemoteSwiftPackageReference "RxSwift" */;
			productName = RxBlocking;
		};
		E413BF2B2AE2940C00E7C750 /* RxBlocking-Dynamic */ = {
			isa = XCSwiftPackageProductDependency;
			package = E413BF282AE2940C00E7C750 /* XCRemoteSwiftPackageReference "RxSwift" */;
			productName = "RxBlocking-Dynamic";
		};
		E413BF2D2AE2940C00E7C750 /* RxCocoa */ = {
			isa = XCSwiftPackageProductDependency;
			package = E413BF282AE2940C00E7C750 /* XCRemoteSwiftPackageReference "RxSwift" */;
			productName = RxCocoa;
		};
		E413BF2F2AE2940C00E7C750 /* RxCocoa-Dynamic */ = {
			isa = XCSwiftPackageProductDependency;
			package = E413BF282AE2940C00E7C750 /* XCRemoteSwiftPackageReference "RxSwift" */;
			productName = "RxCocoa-Dynamic";
		};
		E413BF312AE2940C00E7C750 /* RxRelay */ = {
			isa = XCSwiftPackageProductDependency;
			package = E413BF282AE2940C00E7C750 /* XCRemoteSwiftPackageReference "RxSwift" */;
			productName = RxRelay;
		};
		E413BF342AE2941600E7C750 /* Alamofire */ = {
			isa = XCSwiftPackageProductDependency;
			package = E413BF332AE2941600E7C750 /* XCRemoteSwiftPackageReference "Alamofire" */;
			productName = Alamofire;
		};
		E413BF372AE2942600E7C750 /* Kingfisher */ = {
			isa = XCSwiftPackageProductDependency;
			package = E413BF362AE2942600E7C750 /* XCRemoteSwiftPackageReference "Kingfisher" */;
			productName = Kingfisher;
		};
/* End XCSwiftPackageProductDependency section */
	};
	rootObject = E4630F0C2AE2526A009B7117 /* Project object */;
}
